
Microsoft Visual Studio Solution File, Format Version 12.00
# Visual Studio Version 17
VisualStudioVersion = 17.14.36414.22
MinimumVisualStudioVersion = 10.0.40219.1
Project("{FAE04EC0-301F-11D3-BF4B-00C04F79EFBC}") = "LoginApp", "LoginApp\LoginApp.csproj", "{1C21FBA2-F199-4811-91CE-E9F7B9CCBD09}"
EndProject
Global
	GlobalSection(SolutionConfigurationPlatforms) = preSolution
		Debug|Any CPU = Debug|Any CPU
		Release|Any CPU = Release|Any CPU
	EndGlobalSection
	GlobalSection(ProjectConfigurationPlatforms) = postSolution
		{1C21FBA2-F199-4811-91CE-E9F7B9CCBD09}.Debug|Any CPU.ActiveCfg = Debug|Any CPU
		{1C21FBA2-F199-4811-91CE-E9F7B9CCBD09}.Debug|Any CPU.Build.0 = Debug|Any CPU
		{1C21FBA2-F199-4811-91CE-E9F7B9CCBD09}.Release|Any CPU.ActiveCfg = Release|Any CPU
		{1C21FBA2-F199-4811-91CE-E9F7B9CCBD09}.Release|Any CPU.Build.0 = Release|Any CPU
	EndGlobalSection
	GlobalSection(SolutionProperties) = preSolution
		HideSolutionNode = FALSE
	EndGlobalSection
	GlobalSection(ExtensibilityGlobals) = postSolution
		SolutionGuid = {BB78C84A-D915-4F8C-BF47-4C5BB073618F}
	EndGlobalSection
EndGlobal
